
Microsoft Visual Studio Solution File, Format Version 12.00
# Visual Studio Version 17
VisualStudioVersion = 17.8.34511.84
MinimumVisualStudioVersion = 10.0.40219.1
Project("{FAE04EC0-301F-11D3-BF4B-00C04F79EFBC}") = "Quan_ly_quan_ca_phe", "Quan_ly_quan_ca_phe\Quan_ly_quan_ca_phe.csproj", "{42A51804-5C16-4857-BE82-A1CED5B7D7D3}"
EndProject
Global
	GlobalSection(SolutionConfigurationPlatforms) = preSolution
		Debug|Any CPU = Debug|Any CPU
		Release|Any CPU = Release|Any CPU
	EndGlobalSection
	GlobalSection(ProjectConfigurationPlatforms) = postSolution
		{42A51804-5C16-4857-BE82-A1CED5B7D7D3}.Debug|Any CPU.ActiveCfg = Debug|Any CPU
		{42A51804-5C16-4857-BE82-A1CED5B7D7D3}.Debug|Any CPU.Build.0 = Debug|Any CPU
		{42A51804-5C16-4857-BE82-A1CED5B7D7D3}.Release|Any CPU.ActiveCfg = Release|Any CPU
		{42A51804-5C16-4857-BE82-A1CED5B7D7D3}.Release|Any CPU.Build.0 = Release|Any CPU
	EndGlobalSection
	GlobalSection(SolutionProperties) = preSolution
		HideSolutionNode = FALSE
	EndGlobalSection
	GlobalSection(ExtensibilityGlobals) = postSolution
		SolutionGuid = {E3D49C14-FD9A-4FA1-8B02-0D51ABAC9CE3}
	EndGlobalSection
EndGlobal
